
Microsoft Visual Studio Solution File, Format Version 12.00
# Visual Studio Version 16
VisualStudioVersion = 16.0.29728.190
MinimumVisualStudioVersion = 10.0.40219.1
Project("{FAE04EC0-301F-11D3-BF4B-00C04F79EFBC}") = "Odata_3_1", "Odata_3_1.csproj", "{F25ABA41-C402-4257-9A89-D7403C11555E}"
EndProject
Global
	GlobalSection(SolutionConfigurationPlatforms) = preSolution
		Debug|Any CPU = Debug|Any CPU
		Release|Any CPU = Release|Any CPU
	EndGlobalSection
	GlobalSection(ProjectConfigurationPlatforms) = postSolution
		{F25ABA41-C402-4257-9A89-D7403C11555E}.Debug|Any CPU.ActiveCfg = Debug|Any CPU
		{F25ABA41-C402-4257-9A89-D7403C11555E}.Debug|Any CPU.Build.0 = Debug|Any CPU
		{F25ABA41-C402-4257-9A89-D7403C11555E}.Release|Any CPU.ActiveCfg = Release|Any CPU
		{F25ABA41-C402-4257-9A89-D7403C11555E}.Release|Any CPU.Build.0 = Release|Any CPU
	EndGlobalSection
	GlobalSection(SolutionProperties) = preSolution
		HideSolutionNode = FALSE
	EndGlobalSection
	GlobalSection(ExtensibilityGlobals) = postSolution
		SolutionGuid = {1C958A25-C2D5-4D4E-A3C6-95AA09F02918}
	EndGlobalSection
EndGlobal
